// !$*UTF8*$!
{
	archiveVersion = 1;
	classes = {
	};
	objectVersion = 50;
	objects = {

/* Begin PBXBuildFile section */
		59BA6C8622086E67001AF2B1 /* AppDelegate.swift in Sources */ = {isa = PBXBuildFile; fileRef = 59BA6C8522086E67001AF2B1 /* AppDelegate.swift */; };
		59BA6C8822086E67001AF2B1 /* ViewController.swift in Sources */ = {isa = PBXBuildFile; fileRef = 59BA6C8722086E67001AF2B1 /* ViewController.swift */; };
		59BA6C8B22086E67001AF2B1 /* Main.storyboard in Resources */ = {isa = PBXBuildFile; fileRef = 59BA6C8922086E67001AF2B1 /* Main.storyboard */; };
		59BA6C8D22086E69001AF2B1 /* Assets.xcassets in Resources */ = {isa = PBXBuildFile; fileRef = 59BA6C8C22086E69001AF2B1 /* Assets.xcassets */; };
		59BA6C9022086E69001AF2B1 /* LaunchScreen.storyboard in Resources */ = {isa = PBXBuildFile; fileRef = 59BA6C8E22086E69001AF2B1 /* LaunchScreen.storyboard */; };
		59BA6C98220879DC001AF2B1 /* BannerTableViewCell.swift in Sources */ = {isa = PBXBuildFile; fileRef = 59BA6C97220879DC001AF2B1 /* BannerTableViewCell.swift */; };
		59BA6C9A22087AEE001AF2B1 /* BannerCollectionViewCell.swift in Sources */ = {isa = PBXBuildFile; fileRef = 59BA6C9922087AEE001AF2B1 /* BannerCollectionViewCell.swift */; };
		59BA6C9D22092F03001AF2B1 /* BannerModel.swift in Sources */ = {isa = PBXBuildFile; fileRef = 59BA6C9C22092F03001AF2B1 /* BannerModel.swift */; };
		59BA6C9F22092F58001AF2B1 /* BannerData.swift in Sources */ = {isa = PBXBuildFile; fileRef = 59BA6C9E22092F58001AF2B1 /* BannerData.swift */; };
		59BA6CA22209438A001AF2B1 /* KategoriHeaderTableViewCell.swift in Sources */ = {isa = PBXBuildFile; fileRef = 59BA6CA12209438A001AF2B1 /* KategoriHeaderTableViewCell.swift */; };
		59BA6CA42209CB0E001AF2B1 /* KategoriTableViewCell.swift in Sources */ = {isa = PBXBuildFile; fileRef = 59BA6CA32209CB0E001AF2B1 /* KategoriTableViewCell.swift */; };
		59BA6CA62209CE33001AF2B1 /* KategoriCollectionViewCell.swift in Sources */ = {isa = PBXBuildFile; fileRef = 59BA6CA52209CE33001AF2B1 /* KategoriCollectionViewCell.swift */; };
		59BA6CA82209D860001AF2B1 /* modelKategori.swift in Sources */ = {isa = PBXBuildFile; fileRef = 59BA6CA72209D860001AF2B1 /* modelKategori.swift */; };
		59BA6CAA2209D87D001AF2B1 /* dataKategori.swift in Sources */ = {isa = PBXBuildFile; fileRef = 59BA6CA92209D87D001AF2B1 /* dataKategori.swift */; };
		59BA6CAD2209E4B1001AF2B1 /* PromoHeaderTableViewCell.swift in Sources */ = {isa = PBXBuildFile; fileRef = 59BA6CAC2209E4B1001AF2B1 /* PromoHeaderTableViewCell.swift */; };
		59BA6CAF220A8526001AF2B1 /* PromoTableViewCell.swift in Sources */ = {isa = PBXBuildFile; fileRef = 59BA6CAE220A8526001AF2B1 /* PromoTableViewCell.swift */; };
		59BA6CB1220A89CD001AF2B1 /* PromoCollectionViewCell.swift in Sources */ = {isa = PBXBuildFile; fileRef = 59BA6CB0220A89CD001AF2B1 /* PromoCollectionViewCell.swift */; };
		59BA6CB3220A9547001AF2B1 /* modelPromo.swift in Sources */ = {isa = PBXBuildFile; fileRef = 59BA6CB2220A9547001AF2B1 /* modelPromo.swift */; };
		59BA6CB5220A9577001AF2B1 /* dataPromo.swift in Sources */ = {isa = PBXBuildFile; fileRef = 59BA6CB4220A9577001AF2B1 /* dataPromo.swift */; };
		C60CFDE1179337AC802790DB /* Pods_bltest.framework in Frameworks */ = {isa = PBXBuildFile; fileRef = 9C981C8B3223281E464BD54B /* Pods_bltest.framework */; };
/* End PBXBuildFile section */

/* Begin PBXFileReference section */
		59BA6C8222086E67001AF2B1 /* bltest.app */ = {isa = PBXFileReference; explicitFileType = wrapper.application; includeInIndex = 0; path = bltest.app; sourceTree = BUILT_PRODUCTS_DIR; };
		59BA6C8522086E67001AF2B1 /* AppDelegate.swift */ = {isa = PBXFileReference; lastKnownFileType = sourcecode.swift; path = AppDelegate.swift; sourceTree = "<group>"; };
		59BA6C8722086E67001AF2B1 /* ViewController.swift */ = {isa = PBXFileReference; lastKnownFileType = sourcecode.swift; path = ViewController.swift; sourceTree = "<group>"; };
		59BA6C8A22086E67001AF2B1 /* Base */ = {isa = PBXFileReference; lastKnownFileType = file.storyboard; name = Base; path = Base.lproj/Main.storyboard; sourceTree = "<group>"; };
		59BA6C8C22086E69001AF2B1 /* Assets.xcassets */ = {isa = PBXFileReference; lastKnownFileType = folder.assetcatalog; path = Assets.xcassets; sourceTree = "<group>"; };
		59BA6C8F22086E69001AF2B1 /* Base */ = {isa = PBXFileReference; lastKnownFileType = file.storyboard; name = Base; path = Base.lproj/LaunchScreen.storyboard; sourceTree = "<group>"; };
		59BA6C9122086E69001AF2B1 /* Info.plist */ = {isa = PBXFileReference; lastKnownFileType = text.plist.xml; path = Info.plist; sourceTree = "<group>"; };
		59BA6C97220879DC001AF2B1 /* BannerTableViewCell.swift */ = {isa = PBXFileReference; lastKnownFileType = sourcecode.swift; path = BannerTableViewCell.swift; sourceTree = "<group>"; };
		59BA6C9922087AEE001AF2B1 /* BannerCollectionViewCell.swift */ = {isa = PBXFileReference; lastKnownFileType = sourcecode.swift; path = BannerCollectionViewCell.swift; sourceTree = "<group>"; };
		59BA6C9C22092F03001AF2B1 /* BannerModel.swift */ = {isa = PBXFileReference; lastKnownFileType = sourcecode.swift; path = BannerModel.swift; sourceTree = "<group>"; };
		59BA6C9E22092F58001AF2B1 /* BannerData.swift */ = {isa = PBXFileReference; lastKnownFileType = sourcecode.swift; path = BannerData.swift; sourceTree = "<group>"; };
		59BA6CA12209438A001AF2B1 /* KategoriHeaderTableViewCell.swift */ = {isa = PBXFileReference; lastKnownFileType = sourcecode.swift; path = KategoriHeaderTableViewCell.swift; sourceTree = "<group>"; };
		59BA6CA32209CB0E001AF2B1 /* KategoriTableViewCell.swift */ = {isa = PBXFileReference; lastKnownFileType = sourcecode.swift; path = KategoriTableViewCell.swift; sourceTree = "<group>"; };
		59BA6CA52209CE33001AF2B1 /* KategoriCollectionViewCell.swift */ = {isa = PBXFileReference; lastKnownFileType = sourcecode.swift; path = KategoriCollectionViewCell.swift; sourceTree = "<group>"; };
		59BA6CA72209D860001AF2B1 /* modelKategori.swift */ = {isa = PBXFileReference; lastKnownFileType = sourcecode.swift; path = modelKategori.swift; sourceTree = "<group>"; };
		59BA6CA92209D87D001AF2B1 /* dataKategori.swift */ = {isa = PBXFileReference; lastKnownFileType = sourcecode.swift; path = dataKategori.swift; sourceTree = "<group>"; };
		59BA6CAC2209E4B1001AF2B1 /* PromoHeaderTableViewCell.swift */ = {isa = PBXFileReference; lastKnownFileType = sourcecode.swift; path = PromoHeaderTableViewCell.swift; sourceTree = "<group>"; };
		59BA6CAE220A8526001AF2B1 /* PromoTableViewCell.swift */ = {isa = PBXFileReference; lastKnownFileType = sourcecode.swift; path = PromoTableViewCell.swift; sourceTree = "<group>"; };
		59BA6CB0220A89CD001AF2B1 /* PromoCollectionViewCell.swift */ = {isa = PBXFileReference; lastKnownFileType = sourcecode.swift; path = PromoCollectionViewCell.swift; sourceTree = "<group>"; };
		59BA6CB2220A9547001AF2B1 /* modelPromo.swift */ = {isa = PBXFileReference; lastKnownFileType = sourcecode.swift; path = modelPromo.swift; sourceTree = "<group>"; };
		59BA6CB4220A9577001AF2B1 /* dataPromo.swift */ = {isa = PBXFileReference; lastKnownFileType = sourcecode.swift; path = dataPromo.swift; sourceTree = "<group>"; };
		6B1BB584E9D1C2D32B07E680 /* Pods-bltest.release.xcconfig */ = {isa = PBXFileReference; includeInIndex = 1; lastKnownFileType = text.xcconfig; name = "Pods-bltest.release.xcconfig"; path = "Pods/Target Support Files/Pods-bltest/Pods-bltest.release.xcconfig"; sourceTree = "<group>"; };
		6C9FEC90952810991751D1B5 /* Pods-bltest.debug.xcconfig */ = {isa = PBXFileReference; includeInIndex = 1; lastKnownFileType = text.xcconfig; name = "Pods-bltest.debug.xcconfig"; path = "Pods/Target Support Files/Pods-bltest/Pods-bltest.debug.xcconfig"; sourceTree = "<group>"; };
		9C981C8B3223281E464BD54B /* Pods_bltest.framework */ = {isa = PBXFileReference; explicitFileType = wrapper.framework; includeInIndex = 0; path = Pods_bltest.framework; sourceTree = BUILT_PRODUCTS_DIR; };
/* End PBXFileReference section */

/* Begin PBXFrameworksBuildPhase section */
		59BA6C7F22086E67001AF2B1 /* Frameworks */ = {
			isa = PBXFrameworksBuildPhase;
			buildActionMask = 2147483647;
			files = (
				C60CFDE1179337AC802790DB /* Pods_bltest.framework in Frameworks */,
			);
			runOnlyForDeploymentPostprocessing = 0;
		};
/* End PBXFrameworksBuildPhase section */

/* Begin PBXGroup section */
		357F6E70C41A06D27E361D52 /* Pods */ = {
			isa = PBXGroup;
			children = (
				6C9FEC90952810991751D1B5 /* Pods-bltest.debug.xcconfig */,
				6B1BB584E9D1C2D32B07E680 /* Pods-bltest.release.xcconfig */,
			);
			name = Pods;
			sourceTree = "<group>";
		};
		59BA6C7922086E67001AF2B1 = {
			isa = PBXGroup;
			children = (
				59BA6C8422086E67001AF2B1 /* bltest */,
				59BA6C8322086E67001AF2B1 /* Products */,
				357F6E70C41A06D27E361D52 /* Pods */,
				C4E94318DCBD42BA5192FD8A /* Frameworks */,
			);
			sourceTree = "<group>";
		};
		59BA6C8322086E67001AF2B1 /* Products */ = {
			isa = PBXGroup;
			children = (
				59BA6C8222086E67001AF2B1 /* bltest.app */,
			);
			name = Products;
			sourceTree = "<group>";
		};
		59BA6C8422086E67001AF2B1 /* bltest */ = {
			isa = PBXGroup;
			children = (
				59BA6CAB2209E48E001AF2B1 /* Promo */,
				59BA6CA02209435C001AF2B1 /* kategori */,
				59BA6C9B22087AF7001AF2B1 /* Banner */,
				59BA6C8522086E67001AF2B1 /* AppDelegate.swift */,
				59BA6C8722086E67001AF2B1 /* ViewController.swift */,
				59BA6C8922086E67001AF2B1 /* Main.storyboard */,
				59BA6C8C22086E69001AF2B1 /* Assets.xcassets */,
				59BA6C8E22086E69001AF2B1 /* LaunchScreen.storyboard */,
				59BA6C9122086E69001AF2B1 /* Info.plist */,
			);
			path = bltest;
			sourceTree = "<group>";
		};
		59BA6C9B22087AF7001AF2B1 /* Banner */ = {
			isa = PBXGroup;
			children = (
				59BA6C97220879DC001AF2B1 /* BannerTableViewCell.swift */,
				59BA6C9922087AEE001AF2B1 /* BannerCollectionViewCell.swift */,
				59BA6C9C22092F03001AF2B1 /* BannerModel.swift */,
				59BA6C9E22092F58001AF2B1 /* BannerData.swift */,
			);
			path = Banner;
			sourceTree = "<group>";
		};
		59BA6CA02209435C001AF2B1 /* kategori */ = {
			isa = PBXGroup;
			children = (
				59BA6CA12209438A001AF2B1 /* KategoriHeaderTableViewCell.swift */,
				59BA6CA32209CB0E001AF2B1 /* KategoriTableViewCell.swift */,
				59BA6CA52209CE33001AF2B1 /* KategoriCollectionViewCell.swift */,
				59BA6CA72209D860001AF2B1 /* modelKategori.swift */,
				59BA6CA92209D87D001AF2B1 /* dataKategori.swift */,
			);
			path = kategori;
			sourceTree = "<group>";
		};
		59BA6CAB2209E48E001AF2B1 /* Promo */ = {
			isa = PBXGroup;
			children = (
				59BA6CAC2209E4B1001AF2B1 /* PromoHeaderTableViewCell.swift */,
				59BA6CAE220A8526001AF2B1 /* PromoTableViewCell.swift */,
				59BA6CB0220A89CD001AF2B1 /* PromoCollectionViewCell.swift */,
				59BA6CB2220A9547001AF2B1 /* modelPromo.swift */,
				59BA6CB4220A9577001AF2B1 /* dataPromo.swift */,
			);
			path = Promo;
			sourceTree = "<group>";
		};
		C4E94318DCBD42BA5192FD8A /* Frameworks */ = {
			isa = PBXGroup;
			children = (
				9C981C8B3223281E464BD54B /* Pods_bltest.framework */,
			);
			name = Frameworks;
			sourceTree = "<group>";
		};
/* End PBXGroup section */

/* Begin PBXNativeTarget section */
		59BA6C8122086E67001AF2B1 /* bltest */ = {
			isa = PBXNativeTarget;
			buildConfigurationList = 59BA6C9422086E69001AF2B1 /* Build configuration list for PBXNativeTarget "bltest" */;
			buildPhases = (
				C24593F2CB2C1D57500E2FEF /* [CP] Check Pods Manifest.lock */,
				59BA6C7E22086E67001AF2B1 /* Sources */,
				59BA6C7F22086E67001AF2B1 /* Frameworks */,
				59BA6C8022086E67001AF2B1 /* Resources */,
				753554F2D38094975E4BFC60 /* [CP] Embed Pods Frameworks */,
			);
			buildRules = (
			);
			dependencies = (
			);
			name = bltest;
			productName = bltest;
			productReference = 59BA6C8222086E67001AF2B1 /* bltest.app */;
			productType = "com.apple.product-type.application";
		};
/* End PBXNativeTarget section */

/* Begin PBXProject section */
		59BA6C7A22086E67001AF2B1 /* Project object */ = {
			isa = PBXProject;
			attributes = {
				LastSwiftUpdateCheck = 1010;
				LastUpgradeCheck = 1010;
				ORGANIZATIONNAME = "Rian Sanjaya Ng";
				TargetAttributes = {
					59BA6C8122086E67001AF2B1 = {
						CreatedOnToolsVersion = 10.1;
					};
				};
			};
			buildConfigurationList = 59BA6C7D22086E67001AF2B1 /* Build configuration list for PBXProject "bltest" */;
			compatibilityVersion = "Xcode 9.3";
			developmentRegion = en;
			hasScannedForEncodings = 0;
			knownRegions = (
				en,
				Base,
			);
			mainGroup = 59BA6C7922086E67001AF2B1;
			productRefGroup = 59BA6C8322086E67001AF2B1 /* Products */;
			projectDirPath = "";
			projectRoot = "";
			targets = (
				59BA6C8122086E67001AF2B1 /* bltest */,
			);
		};
/* End PBXProject section */

/* Begin PBXResourcesBuildPhase section */
		59BA6C8022086E67001AF2B1 /* Resources */ = {
			isa = PBXResourcesBuildPhase;
			buildActionMask = 2147483647;
			files = (
				59BA6C9022086E69001AF2B1 /* LaunchScreen.storyboard in Resources */,
				59BA6C8D22086E69001AF2B1 /* Assets.xcassets in Resources */,
				59BA6C8B22086E67001AF2B1 /* Main.storyboard in Resources */,
			);
			runOnlyForDeploymentPostprocessing = 0;
		};
/* End PBXResourcesBuildPhase section */

/* Begin PBXShellScriptBuildPhase section */
		753554F2D38094975E4BFC60 /* [CP] Embed Pods Frameworks */ = {
			isa = PBXShellScriptBuildPhase;
			buildActionMask = 2147483647;
			files = (
			);
			inputFileListPaths = (
			);
			inputPaths = (
				"${SRCROOT}/Pods/Target Support Files/Pods-bltest/Pods-bltest-frameworks.sh",
				"${BUILT_PRODUCTS_DIR}/SDWebImage/SDWebImage.framework",
			);
			name = "[CP] Embed Pods Frameworks";
			outputFileListPaths = (
			);
			outputPaths = (
				"${TARGET_BUILD_DIR}/${FRAMEWORKS_FOLDER_PATH}/SDWebImage.framework",
			);
			runOnlyForDeploymentPostprocessing = 0;
			shellPath = /bin/sh;
			shellScript = "\"${SRCROOT}/Pods/Target Support Files/Pods-bltest/Pods-bltest-frameworks.sh\"\n";
			showEnvVarsInLog = 0;
		};
		C24593F2CB2C1D57500E2FEF /* [CP] Check Pods Manifest.lock */ = {
			isa = PBXShellScriptBuildPhase;
			buildActionMask = 2147483647;
			files = (
			);
			inputFileListPaths = (
			);
			inputPaths = (
				"${PODS_PODFILE_DIR_PATH}/Podfile.lock",
				"${PODS_ROOT}/Manifest.lock",
			);
			name = "[CP] Check Pods Manifest.lock";
			outputFileListPaths = (
			);
			outputPaths = (
				"$(DERIVED_FILE_DIR)/Pods-bltest-checkManifestLockResult.txt",
			);
			runOnlyForDeploymentPostprocessing = 0;
			shellPath = /bin/sh;
			shellScript = "diff \"${PODS_PODFILE_DIR_PATH}/Podfile.lock\" \"${PODS_ROOT}/Manifest.lock\" > /dev/null\nif [ $? != 0 ] ; then\n    # print error to STDERR\n    echo \"error: The sandbox is not in sync with the Podfile.lock. Run 'pod install' or update your CocoaPods installation.\" >&2\n    exit 1\nfi\n# This output is used by Xcode 'outputs' to avoid re-running this script phase.\necho \"SUCCESS\" > \"${SCRIPT_OUTPUT_FILE_0}\"\n";
			showEnvVarsInLog = 0;
		};
/* End PBXShellScriptBuildPhase section */

/* Begin PBXSourcesBuildPhase section */
		59BA6C7E22086E67001AF2B1 /* Sources */ = {
			isa = PBXSourcesBuildPhase;
			buildActionMask = 2147483647;
			files = (
				59BA6C98220879DC001AF2B1 /* BannerTableViewCell.swift in Sources */,
				59BA6CB5220A9577001AF2B1 /* dataPromo.swift in Sources */,
				59BA6CA62209CE33001AF2B1 /* KategoriCollectionViewCell.swift in Sources */,
				59BA6C8822086E67001AF2B1 /* ViewController.swift in Sources */,
				59BA6C9A22087AEE001AF2B1 /* BannerCollectionViewCell.swift in Sources */,
				59BA6CAA2209D87D001AF2B1 /* dataKategori.swift in Sources */,
				59BA6CA22209438A001AF2B1 /* KategoriHeaderTableViewCell.swift in Sources */,
				59BA6CB1220A89CD001AF2B1 /* PromoCollectionViewCell.swift in Sources */,
				59BA6C8622086E67001AF2B1 /* AppDelegate.swift in Sources */,
				59BA6CB3220A9547001AF2B1 /* modelPromo.swift in Sources */,
				59BA6C9D22092F03001AF2B1 /* BannerModel.swift in Sources */,
				59BA6CAF220A8526001AF2B1 /* PromoTableViewCell.swift in Sources */,
				59BA6C9F22092F58001AF2B1 /* BannerData.swift in Sources */,
				59BA6CA42209CB0E001AF2B1 /* KategoriTableViewCell.swift in Sources */,
				59BA6CAD2209E4B1001AF2B1 /* PromoHeaderTableViewCell.swift in Sources */,
				59BA6CA82209D860001AF2B1 /* modelKategori.swift in Sources */,
			);
			runOnlyForDeploymentPostprocessing = 0;
		};
/* End PBXSourcesBuildPhase section */

/* Begin PBXVariantGroup section */
		59BA6C8922086E67001AF2B1 /* Main.storyboard */ = {
			isa = PBXVariantGroup;
			children = (
				59BA6C8A22086E67001AF2B1 /* Base */,
			);
			name = Main.storyboard;
			sourceTree = "<group>";
		};
		59BA6C8E22086E69001AF2B1 /* LaunchScreen.storyboard */ = {
			isa = PBXVariantGroup;
			children = (
				59BA6C8F22086E69001AF2B1 /* Base */,
			);
			name = LaunchScreen.storyboard;
			sourceTree = "<group>";
		};
/* End PBXVariantGroup section */

/* Begin XCBuildConfiguration section */
		59BA6C9222086E69001AF2B1 /* Debug */ = {
			isa = XCBuildConfiguration;
			buildSettings = {
				ALWAYS_SEARCH_USER_PATHS = NO;
				CLANG_ANALYZER_NONNULL = YES;
				CLANG_ANALYZER_NUMBER_OBJECT_CONVERSION = YES_AGGRESSIVE;
				CLANG_CXX_LANGUAGE_STANDARD = "gnu++14";
				CLANG_CXX_LIBRARY = "libc++";
				CLANG_ENABLE_MODULES = YES;
				CLANG_ENABLE_OBJC_ARC = YES;
				CLANG_ENABLE_OBJC_WEAK = YES;
				CLANG_WARN_BLOCK_CAPTURE_AUTORELEASING = YES;
				CLANG_WARN_BOOL_CONVERSION = YES;
				CLANG_WARN_COMMA = YES;
				CLANG_WARN_CONSTANT_CONVERSION = YES;
				CLANG_WARN_DEPRECATED_OBJC_IMPLEMENTATIONS = YES;
				CLANG_WARN_DIRECT_OBJC_ISA_USAGE = YES_ERROR;
				CLANG_WARN_DOCUMENTATION_COMMENTS = YES;
				CLANG_WARN_EMPTY_BODY = YES;
				CLANG_WARN_ENUM_CONVERSION = YES;
				CLANG_WARN_INFINITE_RECURSION = YES;
				CLANG_WARN_INT_CONVERSION = YES;
				CLANG_WARN_NON_LITERAL_NULL_CONVERSION = YES;
				CLANG_WARN_OBJC_IMPLICIT_RETAIN_SELF = YES;
				CLANG_WARN_OBJC_LITERAL_CONVERSION = YES;
				CLANG_WARN_OBJC_ROOT_CLASS = YES_ERROR;
				CLANG_WARN_RANGE_LOOP_ANALYSIS = YES;
				CLANG_WARN_STRICT_PROTOTYPES = YES;
				CLANG_WARN_SUSPICIOUS_MOVE = YES;
				CLANG_WARN_UNGUARDED_AVAILABILITY = YES_AGGRESSIVE;
				CLANG_WARN_UNREACHABLE_CODE = YES;
				CLANG_WARN__DUPLICATE_METHOD_MATCH = YES;
				CODE_SIGN_IDENTITY = "iPhone Developer";
				COPY_PHASE_STRIP = NO;
				DEBUG_INFORMATION_FORMAT = dwarf;
				ENABLE_STRICT_OBJC_MSGSEND = YES;
				ENABLE_TESTABILITY = YES;
				GCC_C_LANGUAGE_STANDARD = gnu11;
				GCC_DYNAMIC_NO_PIC = NO;
				GCC_NO_COMMON_BLOCKS = YES;
				GCC_OPTIMIZATION_LEVEL = 0;
				GCC_PREPROCESSOR_DEFINITIONS = (
					"DEBUG=1",
					"$(inherited)",
				);
				GCC_WARN_64_TO_32_BIT_CONVERSION = YES;
				GCC_WARN_ABOUT_RETURN_TYPE = YES_ERROR;
				GCC_WARN_UNDECLARED_SELECTOR = YES;
				GCC_WARN_UNINITIALIZED_AUTOS = YES_AGGRESSIVE;
				GCC_WARN_UNUSED_FUNCTION = YES;
				GCC_WARN_UNUSED_VARIABLE = YES;
				IPHONEOS_DEPLOYMENT_TARGET = 12.1;
				MTL_ENABLE_DEBUG_INFO = INCLUDE_SOURCE;
				MTL_FAST_MATH = YES;
				ONLY_ACTIVE_ARCH = YES;
				SDKROOT = iphoneos;
				SWIFT_ACTIVE_COMPILATION_CONDITIONS = DEBUG;
				SWIFT_OPTIMIZATION_LEVEL = "-Onone";
			};
			name = Debug;
		};
		59BA6C9322086E69001AF2B1 /* Release */ = {
			isa = XCBuildConfiguration;
			buildSettings = {
				ALWAYS_SEARCH_USER_PATHS = NO;
				CLANG_ANALYZER_NONNULL = YES;
				CLANG_ANALYZER_NUMBER_OBJECT_CONVERSION = YES_AGGRESSIVE;
				CLANG_CXX_LANGUAGE_STANDARD = "gnu++14";
				CLANG_CXX_LIBRARY = "libc++";
				CLANG_ENABLE_MODULES = YES;
				CLANG_ENABLE_OBJC_ARC = YES;
				CLANG_ENABLE_OBJC_WEAK = YES;
				CLANG_WARN_BLOCK_CAPTURE_AUTORELEASING = YES;
				CLANG_WARN_BOOL_CONVERSION = YES;
				CLANG_WARN_COMMA = YES;
				CLANG_WARN_CONSTANT_CONVERSION = YES;
				CLANG_WARN_DEPRECATED_OBJC_IMPLEMENTATIONS = YES;
				CLANG_WARN_DIRECT_OBJC_ISA_USAGE = YES_ERROR;
				CLANG_WARN_DOCUMENTATION_COMMENTS = YES;
				CLANG_WARN_EMPTY_BODY = YES;
				CLANG_WARN_ENUM_CONVERSION = YES;
				CLANG_WARN_INFINITE_RECURSION = YES;
				CLANG_WARN_INT_CONVERSION = YES;
				CLANG_WARN_NON_LITERAL_NULL_CONVERSION = YES;
				CLANG_WARN_OBJC_IMPLICIT_RETAIN_SELF = YES;
				CLANG_WARN_OBJC_LITERAL_CONVERSION = YES;
				CLANG_WARN_OBJC_ROOT_CLASS = YES_ERROR;
				CLANG_WARN_RANGE_LOOP_ANALYSIS = YES;
				CLANG_WARN_STRICT_PROTOTYPES = YES;
				CLANG_WARN_SUSPICIOUS_MOVE = YES;
				CLANG_WARN_UNGUARDED_AVAILABILITY = YES_AGGRESSIVE;
				CLANG_WARN_UNREACHABLE_CODE = YES;
				CLANG_WARN__DUPLICATE_METHOD_MATCH = YES;
				CODE_SIGN_IDENTITY = "iPhone Developer";
				COPY_PHASE_STRIP = NO;
				DEBUG_INFORMATION_FORMAT = "dwarf-with-dsym";
				ENABLE_NS_ASSERTIONS = NO;
				ENABLE_STRICT_OBJC_MSGSEND = YES;
				GCC_C_LANGUAGE_STANDARD = gnu11;
				GCC_NO_COMMON_BLOCKS = YES;
				GCC_WARN_64_TO_32_BIT_CONVERSION = YES;
				GCC_WARN_ABOUT_RETURN_TYPE = YES_ERROR;
				GCC_WARN_UNDECLARED_SELECTOR = YES;
				GCC_WARN_UNINITIALIZED_AUTOS = YES_AGGRESSIVE;
				GCC_WARN_UNUSED_FUNCTION = YES;
				GCC_WARN_UNUSED_VARIABLE = YES;
				IPHONEOS_DEPLOYMENT_TARGET = 12.1;
				MTL_ENABLE_DEBUG_INFO = NO;
				MTL_FAST_MATH = YES;
				SDKROOT = iphoneos;
				SWIFT_COMPILATION_MODE = wholemodule;
				SWIFT_OPTIMIZATION_LEVEL = "-O";
				VALIDATE_PRODUCT = YES;
			};
			name = Release;
		};
		59BA6C9522086E69001AF2B1 /* Debug */ = {
			isa = XCBuildConfiguration;
			baseConfigurationReference = 6C9FEC90952810991751D1B5 /* Pods-bltest.debug.xcconfig */;
			buildSettings = {
				ASSETCATALOG_COMPILER_APPICON_NAME = AppIcon;
				CODE_SIGN_STYLE = Automatic;
				DEVELOPMENT_TEAM = 343LQ4BU9Z;
				INFOPLIST_FILE = bltest/Info.plist;
				LD_RUNPATH_SEARCH_PATHS = (
					"$(inherited)",
					"@executable_path/Frameworks",
				);
				PRODUCT_BUNDLE_IDENTIFIER = riansanjayang.bltest;
				PRODUCT_NAME = "$(TARGET_NAME)";
				SWIFT_VERSION = 4.2;
				TARGETED_DEVICE_FAMILY = "1,2";
			};
			name = Debug;
		};
		59BA6C9622086E69001AF2B1 /* Release */ = {
			isa = XCBuildConfiguration;
			baseConfigurationReference = 6B1BB584E9D1C2D32B07E680 /* Pods-bltest.release.xcconfig */;
			buildSettings = {
				ASSETCATALOG_COMPILER_APPICON_NAME = AppIcon;
				CODE_SIGN_STYLE = Automatic;
				DEVELOPMENT_TEAM = 343LQ4BU9Z;
				INFOPLIST_FILE = bltest/Info.plist;
				LD_RUNPATH_SEARCH_PATHS = (
					"$(inherited)",
					"@executable_path/Frameworks",
				);
				PRODUCT_BUNDLE_IDENTIFIER = riansanjayang.bltest;
				PRODUCT_NAME = "$(TARGET_NAME)";
				SWIFT_VERSION = 4.2;
				TARGETED_DEVICE_FAMILY = "1,2";
			};
			name = Release;
		};
/* End XCBuildConfiguration section */

/* Begin XCConfigurationList section */
		59BA6C7D22086E67001AF2B1 /* Build configuration list for PBXProject "bltest" */ = {
			isa = XCConfigurationList;
			buildConfigurations = (
				59BA6C9222086E69001AF2B1 /* Debug */,
				59BA6C9322086E69001AF2B1 /* Release */,
			);
			defaultConfigurationIsVisible = 0;
			defaultConfigurationName = Release;
		};
		59BA6C9422086E69001AF2B1 /* Build configuration list for PBXNativeTarget "bltest" */ = {
			isa = XCConfigurationList;
			buildConfigurations = (
				59BA6C9522086E69001AF2B1 /* Debug */,
				59BA6C9622086E69001AF2B1 /* Release */,
			);
			defaultConfigurationIsVisible = 0;
			defaultConfigurationName = Release;
		};
/* End XCConfigurationList section */
	};
	rootObject = 59BA6C7A22086E67001AF2B1 /* Project object */;
}
